
Microsoft Visual Studio Solution File, Format Version 12.00
# Visual Studio Version 17
VisualStudioVersion = 17.5.33516.290
MinimumVisualStudioVersion = 10.0.40219.1
Project("{9A19103F-16F7-4668-BE54-9A1E7A4F7556}") = "Dungens And Daniks", "Dungens And Daniks\Dungens And Daniks.csproj", "{C72AA8AE-45A9-4D58-8A16-E2627914F409}"
EndProject
Project("{54435603-DBB4-11D2-8724-00A0C9A8B90C}") = "SetupDND", "SetupDND\SetupDND.vdproj", "{ABFCA2F3-6886-445F-9D58-C3E993D148C8}"
EndProject
Global
	GlobalSection(SolutionConfigurationPlatforms) = preSolution
		Debug|Any CPU = Debug|Any CPU
		Release|Any CPU = Release|Any CPU
	EndGlobalSection
	GlobalSection(ProjectConfigurationPlatforms) = postSolution
		{C72AA8AE-45A9-4D58-8A16-E2627914F409}.Debug|Any CPU.ActiveCfg = Debug|Any CPU
		{C72AA8AE-45A9-4D58-8A16-E2627914F409}.Debug|Any CPU.Build.0 = Debug|Any CPU
		{C72AA8AE-45A9-4D58-8A16-E2627914F409}.Release|Any CPU.ActiveCfg = Release|Any CPU
		{C72AA8AE-45A9-4D58-8A16-E2627914F409}.Release|Any CPU.Build.0 = Release|Any CPU
		{ABFCA2F3-6886-445F-9D58-C3E993D148C8}.Debug|Any CPU.ActiveCfg = Debug
		{ABFCA2F3-6886-445F-9D58-C3E993D148C8}.Release|Any CPU.ActiveCfg = Release
	EndGlobalSection
	GlobalSection(SolutionProperties) = preSolution
		HideSolutionNode = FALSE
	EndGlobalSection
	GlobalSection(ExtensibilityGlobals) = postSolution
		SolutionGuid = {0A1EBABD-447D-4F7E-BBF4-AC33826A3020}
	EndGlobalSection
EndGlobal
